
Microsoft Visual Studio Solution File, Format Version 12.00
# Visual Studio Version 17
VisualStudioVersion = 17.7.34221.43
MinimumVisualStudioVersion = 10.0.40219.1
Project("{FAE04EC0-301F-11D3-BF4B-00C04F79EFBC}") = "personapi-dotnet", "personapi-dotnet\personapi-dotnet.csproj", "{FE3EFAD2-6734-403F-8A55-C04EF8EC3E4A}"
EndProject
Global
	GlobalSection(SolutionConfigurationPlatforms) = preSolution
		Debug|Any CPU = Debug|Any CPU
		Release|Any CPU = Release|Any CPU
	EndGlobalSection
	GlobalSection(ProjectConfigurationPlatforms) = postSolution
		{FE3EFAD2-6734-403F-8A55-C04EF8EC3E4A}.Debug|Any CPU.ActiveCfg = Debug|Any CPU
		{FE3EFAD2-6734-403F-8A55-C04EF8EC3E4A}.Debug|Any CPU.Build.0 = Debug|Any CPU
		{FE3EFAD2-6734-403F-8A55-C04EF8EC3E4A}.Release|Any CPU.ActiveCfg = Release|Any CPU
		{FE3EFAD2-6734-403F-8A55-C04EF8EC3E4A}.Release|Any CPU.Build.0 = Release|Any CPU
	EndGlobalSection
	GlobalSection(SolutionProperties) = preSolution
		HideSolutionNode = FALSE
	EndGlobalSection
	GlobalSection(ExtensibilityGlobals) = postSolution
		SolutionGuid = {C3EB4860-EC3F-406D-B21E-8007A495083D}
	EndGlobalSection
EndGlobal
